
Microsoft Visual Studio Solution File, Format Version 12.00
# Visual Studio Version 16
VisualStudioVersion = 16.0.31105.61
MinimumVisualStudioVersion = 10.0.40219.1
Project("{FAE04EC0-301F-11D3-BF4B-00C04F79EFBC}") = "Project5", "Project5\Project5.csproj", "{54FD67FF-DAF0-421C-B4BA-66C1F95D2E00}"
EndProject
Global
	GlobalSection(SolutionConfigurationPlatforms) = preSolution
		Debug|Any CPU = Debug|Any CPU
		Release|Any CPU = Release|Any CPU
	EndGlobalSection
	GlobalSection(ProjectConfigurationPlatforms) = postSolution
		{54FD67FF-DAF0-421C-B4BA-66C1F95D2E00}.Debug|Any CPU.ActiveCfg = Debug|Any CPU
		{54FD67FF-DAF0-421C-B4BA-66C1F95D2E00}.Debug|Any CPU.Build.0 = Debug|Any CPU
		{54FD67FF-DAF0-421C-B4BA-66C1F95D2E00}.Release|Any CPU.ActiveCfg = Release|Any CPU
		{54FD67FF-DAF0-421C-B4BA-66C1F95D2E00}.Release|Any CPU.Build.0 = Release|Any CPU
	EndGlobalSection
	GlobalSection(SolutionProperties) = preSolution
		HideSolutionNode = FALSE
	EndGlobalSection
	GlobalSection(ExtensibilityGlobals) = postSolution
		SolutionGuid = {EECC7B99-B540-402C-9857-3F0E3EA27939}
	EndGlobalSection
EndGlobal
